
Microsoft Visual Studio Solution File, Format Version 11.00
# Visual Studio 2010
Project("{FAE04EC0-301F-11D3-BF4B-00C04F79EFBC}") = "neurofeedback-git", "Assembly-CSharp.csproj", "{9F95078C-B06F-95B3-1FFB-D1FE1E5B9170}"
EndProject
Project("{FAE04EC0-301F-11D3-BF4B-00C04F79EFBC}") = "neurofeedback-git", "Assembly-CSharp-Editor.csproj", "{8823CE12-A256-F8B3-045A-02C743B8F9D9}"
EndProject
Global
	GlobalSection(SolutionConfigurationPlatforms) = preSolution
		Debug|Any CPU = Debug|Any CPU
		Release|Any CPU = Release|Any CPU
	EndGlobalSection
	GlobalSection(ProjectConfigurationPlatforms) = postSolution
		{9F95078C-B06F-95B3-1FFB-D1FE1E5B9170}.Debug|Any CPU.ActiveCfg = Debug|Any CPU
		{9F95078C-B06F-95B3-1FFB-D1FE1E5B9170}.Debug|Any CPU.Build.0 = Debug|Any CPU
		{9F95078C-B06F-95B3-1FFB-D1FE1E5B9170}.Release|Any CPU.ActiveCfg = Release|Any CPU
		{9F95078C-B06F-95B3-1FFB-D1FE1E5B9170}.Release|Any CPU.Build.0 = Release|Any CPU
		{8823CE12-A256-F8B3-045A-02C743B8F9D9}.Debug|Any CPU.ActiveCfg = Debug|Any CPU
		{8823CE12-A256-F8B3-045A-02C743B8F9D9}.Debug|Any CPU.Build.0 = Debug|Any CPU
		{8823CE12-A256-F8B3-045A-02C743B8F9D9}.Release|Any CPU.ActiveCfg = Release|Any CPU
		{8823CE12-A256-F8B3-045A-02C743B8F9D9}.Release|Any CPU.Build.0 = Release|Any CPU
	EndGlobalSection
	GlobalSection(SolutionProperties) = preSolution
		HideSolutionNode = FALSE
	EndGlobalSection
	GlobalSection(MonoDevelopProperties) = preSolution
		StartupItem = Assembly-CSharp.csproj
	EndGlobalSection
EndGlobal
